
Microsoft Visual Studio Solution File, Format Version 12.00
# Visual Studio Version 17
VisualStudioVersion = 17.0.31912.275
MinimumVisualStudioVersion = 10.0.40219.1
Project("{FAE04EC0-301F-11D3-BF4B-00C04F79EFBC}") = "01_DeveloperRepo", "01_Developer\01_DeveloperRepo.csproj", "{3A01EAA4-B588-454C-A3B2-04D8FEEE988F}"
EndProject
Project("{FAE04EC0-301F-11D3-BF4B-00C04F79EFBC}") = "DevTeams_POCO", "DevTeams_POCO\DevTeams_POCO.csproj", "{46ECFE82-82A8-4CCB-B8DC-1574749F9B55}"
EndProject
Project("{FAE04EC0-301F-11D3-BF4B-00C04F79EFBC}") = "DevTeams.UI", "DevTeams\DevTeams.UI.csproj", "{8A007E57-26F4-4BF3-96C5-A3458F2CA344}"
EndProject
Global
	GlobalSection(SolutionConfigurationPlatforms) = preSolution
		Debug|Any CPU = Debug|Any CPU
		Release|Any CPU = Release|Any CPU
	EndGlobalSection
	GlobalSection(ProjectConfigurationPlatforms) = postSolution
		{3A01EAA4-B588-454C-A3B2-04D8FEEE988F}.Debug|Any CPU.ActiveCfg = Debug|Any CPU
		{3A01EAA4-B588-454C-A3B2-04D8FEEE988F}.Debug|Any CPU.Build.0 = Debug|Any CPU
		{3A01EAA4-B588-454C-A3B2-04D8FEEE988F}.Release|Any CPU.ActiveCfg = Release|Any CPU
		{3A01EAA4-B588-454C-A3B2-04D8FEEE988F}.Release|Any CPU.Build.0 = Release|Any CPU
		{46ECFE82-82A8-4CCB-B8DC-1574749F9B55}.Debug|Any CPU.ActiveCfg = Debug|Any CPU
		{46ECFE82-82A8-4CCB-B8DC-1574749F9B55}.Debug|Any CPU.Build.0 = Debug|Any CPU
		{46ECFE82-82A8-4CCB-B8DC-1574749F9B55}.Release|Any CPU.ActiveCfg = Release|Any CPU
		{46ECFE82-82A8-4CCB-B8DC-1574749F9B55}.Release|Any CPU.Build.0 = Release|Any CPU
		{8A007E57-26F4-4BF3-96C5-A3458F2CA344}.Debug|Any CPU.ActiveCfg = Debug|Any CPU
		{8A007E57-26F4-4BF3-96C5-A3458F2CA344}.Debug|Any CPU.Build.0 = Debug|Any CPU
		{8A007E57-26F4-4BF3-96C5-A3458F2CA344}.Release|Any CPU.ActiveCfg = Release|Any CPU
		{8A007E57-26F4-4BF3-96C5-A3458F2CA344}.Release|Any CPU.Build.0 = Release|Any CPU
	EndGlobalSection
	GlobalSection(SolutionProperties) = preSolution
		HideSolutionNode = FALSE
	EndGlobalSection
	GlobalSection(ExtensibilityGlobals) = postSolution
		SolutionGuid = {9F8733B8-0F28-497F-BF7F-CA6C042E6C79}
	EndGlobalSection
EndGlobal
